
Microsoft Visual Studio Solution File, Format Version 12.00
# Visual Studio Version 16
VisualStudioVersion = 16.0.30907.101
MinimumVisualStudioVersion = 10.0.40219.1
Project("{FAE04EC0-301F-11D3-BF4B-00C04F79EFBC}") = "脸滚键盘", "脸滚键盘\脸滚键盘.csproj", "{10DD155E-7201-44AE-A2D1-0721E9089660}"
EndProject
Project("{FAE04EC0-301F-11D3-BF4B-00C04F79EFBC}") = "MVVMAPP", "MVVMAPP\MVVMAPP.csproj", "{90334FC1-D06E-496C-B044-72B6217D02C2}"
EndProject
Global
	GlobalSection(SolutionConfigurationPlatforms) = preSolution
		Debug|Any CPU = Debug|Any CPU
		Release|Any CPU = Release|Any CPU
	EndGlobalSection
	GlobalSection(ProjectConfigurationPlatforms) = postSolution
		{10DD155E-7201-44AE-A2D1-0721E9089660}.Debug|Any CPU.ActiveCfg = Debug|Any CPU
		{10DD155E-7201-44AE-A2D1-0721E9089660}.Debug|Any CPU.Build.0 = Debug|Any CPU
		{10DD155E-7201-44AE-A2D1-0721E9089660}.Release|Any CPU.ActiveCfg = Release|Any CPU
		{10DD155E-7201-44AE-A2D1-0721E9089660}.Release|Any CPU.Build.0 = Release|Any CPU
		{90334FC1-D06E-496C-B044-72B6217D02C2}.Debug|Any CPU.ActiveCfg = Debug|Any CPU
		{90334FC1-D06E-496C-B044-72B6217D02C2}.Debug|Any CPU.Build.0 = Debug|Any CPU
		{90334FC1-D06E-496C-B044-72B6217D02C2}.Release|Any CPU.ActiveCfg = Release|Any CPU
		{90334FC1-D06E-496C-B044-72B6217D02C2}.Release|Any CPU.Build.0 = Release|Any CPU
	EndGlobalSection
	GlobalSection(SolutionProperties) = preSolution
		HideSolutionNode = FALSE
	EndGlobalSection
	GlobalSection(ExtensibilityGlobals) = postSolution
		SolutionGuid = {B7A353AD-2DC7-4C96-8909-379A995559DB}
	EndGlobalSection
EndGlobal
