
Microsoft Visual Studio Solution File, Format Version 12.00
# Visual Studio Version 16
VisualStudioVersion = 16.0.30907.101
MinimumVisualStudioVersion = 10.0.40219.1
Project("{FAE04EC0-301F-11D3-BF4B-00C04F79EFBC}") = "脸滚键盘", "脸滚键盘.csproj", "{325A8650-28C1-4D34-A959-07B0E96DAB29}"
EndProject
Global
	GlobalSection(SolutionConfigurationPlatforms) = preSolution
		Debug|Any CPU = Debug|Any CPU
		Release|Any CPU = Release|Any CPU
	EndGlobalSection
	GlobalSection(ProjectConfigurationPlatforms) = postSolution
		{325A8650-28C1-4D34-A959-07B0E96DAB29}.Debug|Any CPU.ActiveCfg = Debug|Any CPU
		{325A8650-28C1-4D34-A959-07B0E96DAB29}.Debug|Any CPU.Build.0 = Debug|Any CPU
		{325A8650-28C1-4D34-A959-07B0E96DAB29}.Release|Any CPU.ActiveCfg = Release|Any CPU
		{325A8650-28C1-4D34-A959-07B0E96DAB29}.Release|Any CPU.Build.0 = Release|Any CPU
	EndGlobalSection
	GlobalSection(SolutionProperties) = preSolution
		HideSolutionNode = FALSE
	EndGlobalSection
	GlobalSection(ExtensibilityGlobals) = postSolution
		SolutionGuid = {69C179BB-5032-440E-9397-3A716EFEEA63}
	EndGlobalSection
EndGlobal
